
Microsoft Visual Studio Solution File, Format Version 12.00
# Visual Studio Version 16
VisualStudioVersion = 16.0.30204.135
MinimumVisualStudioVersion = 10.0.40219.1
Project("{9A19103F-16F7-4668-BE54-9A1E7A4F7556}") = "Specky.AspNetCore", "Specky.AspNetCore.csproj", "{FF2FCCAF-4FDC-40CC-8E85-F41DFFFC501E}"
EndProject
Global
	GlobalSection(SolutionConfigurationPlatforms) = preSolution
		Debug|Any CPU = Debug|Any CPU
		Release|Any CPU = Release|Any CPU
	EndGlobalSection
	GlobalSection(ProjectConfigurationPlatforms) = postSolution
		{FF2FCCAF-4FDC-40CC-8E85-F41DFFFC501E}.Debug|Any CPU.ActiveCfg = Debug|Any CPU
		{FF2FCCAF-4FDC-40CC-8E85-F41DFFFC501E}.Debug|Any CPU.Build.0 = Debug|Any CPU
		{FF2FCCAF-4FDC-40CC-8E85-F41DFFFC501E}.Release|Any CPU.ActiveCfg = Release|Any CPU
		{FF2FCCAF-4FDC-40CC-8E85-F41DFFFC501E}.Release|Any CPU.Build.0 = Release|Any CPU
	EndGlobalSection
	GlobalSection(SolutionProperties) = preSolution
		HideSolutionNode = FALSE
	EndGlobalSection
	GlobalSection(ExtensibilityGlobals) = postSolution
		SolutionGuid = {32562B93-2969-4AC9-BF67-AE7039CBF178}
	EndGlobalSection
EndGlobal
